
Microsoft Visual Studio Solution File, Format Version 12.00
# Visual Studio 15
VisualStudioVersion = 15.0.28307.329
MinimumVisualStudioVersion = 10.0.40219.1
Project("{FAE04EC0-301F-11D3-BF4B-00C04F79EFBC}") = "Task1", "Task1\Task1.csproj", "{A2C9C812-A328-4396-A572-BEBC6CC3EAE0}"
EndProject
Global
	GlobalSection(SolutionConfigurationPlatforms) = preSolution
		Debug|Any CPU = Debug|Any CPU
		Release|Any CPU = Release|Any CPU
	EndGlobalSection
	GlobalSection(ProjectConfigurationPlatforms) = postSolution
		{A2C9C812-A328-4396-A572-BEBC6CC3EAE0}.Debug|Any CPU.ActiveCfg = Debug|Any CPU
		{A2C9C812-A328-4396-A572-BEBC6CC3EAE0}.Debug|Any CPU.Build.0 = Debug|Any CPU
		{A2C9C812-A328-4396-A572-BEBC6CC3EAE0}.Release|Any CPU.ActiveCfg = Release|Any CPU
		{A2C9C812-A328-4396-A572-BEBC6CC3EAE0}.Release|Any CPU.Build.0 = Release|Any CPU
	EndGlobalSection
	GlobalSection(SolutionProperties) = preSolution
		HideSolutionNode = FALSE
	EndGlobalSection
	GlobalSection(ExtensibilityGlobals) = postSolution
		SolutionGuid = {65723896-7355-41CB-AEEB-ADD9A29B823D}
	EndGlobalSection
EndGlobal
